{
  "version": 4,
  "terraform_version": "1.1.3",
  "serial": 1,
  "lineage": "af5a8934-3b85-7556-226d-0292aecd43d3",
  "outputs": {},
  "resources": [
    {
      "mode": "data",
      "type": "digitalocean_ssh_key",
      "name": "desktop-wsl",
      "provider": "provider[\"registry.terraform.io/digitalocean/digitalocean\"]",
      "instances": [
        {
          "schema_version": 0,
          "attributes": {
            "fingerprint": "94:79:d0:4f:e9:f8:57:7c:6e:0f:90:c7:10:bd:20:92",
            "id": 44712811,
            "name": "desktop-wsl",
            "public_key": "ssh-ed25519 AAAAC3NzaC1lZDI1NTE5AAAAIGW5L4EM6b2ED0zM7zoOocnJK7qj+pSfvYQH6YbkgLDj marius.leuce@gmail.com"
          },
          "sensitive_attributes": []
        }
      ]
    },
    {
      "mode": "managed",
      "type": "digitalocean_droplet",
      "name": "www-1",
      "provider": "provider[\"registry.terraform.io/digitalocean/digitalocean\"]",
      "instances": [
        {
          "status": "tainted",
          "schema_version": 1,
          "attributes": {
            "backup_policy": [],
            "backups": false,
            "created_at": "2025-03-19T09:48:26Z",
            "disk": 25,
            "droplet_agent": null,
            "graceful_shutdown": false,
            "id": "483779831",
            "image": "ubuntu-20-04-x64",
            "ipv4_address": "164.92.239.39",
            "ipv4_address_private": "10.114.0.3",
            "ipv6": false,
            "ipv6_address": "",
            "locked": false,
            "memory": 1024,
            "monitoring": false,
            "name": "www-1",
            "price_hourly": 0.00893,
            "price_monthly": 6,
            "private_networking": true,
            "region": "fra1",
            "resize_disk": true,
            "size": "s-1vcpu-1gb",
            "ssh_keys": [
              "44712811"
            ],
            "status": "active",
            "tags": null,
            "timeouts": null,
            "urn": "do:droplet:483779831",
            "user_data": null,
            "vcpus": 1,
            "volume_ids": [],
            "vpc_uuid": "b31b4a30-1eef-44b5-9d6d-fb018e007503"
          },
          "sensitive_attributes": [],
          "private": "eyJlMmJmYjczMC1lY2FhLTExZTYtOGY4OC0zNDM2M2JjN2M0YzAiOnsiY3JlYXRlIjozNjAwMDAwMDAwMDAwLCJkZWxldGUiOjYwMDAwMDAwMDAwLCJ1cGRhdGUiOjM2MDAwMDAwMDAwMDB9LCJzY2hlbWFfdmVyc2lvbiI6IjEifQ==",
          "dependencies": [
            "data.digitalocean_ssh_key.desktop-wsl"
          ]
        }
      ]
    }
  ]
}
